
Microsoft Visual Studio Solution File, Format Version 12.00
# Visual Studio Version 16
VisualStudioVersion = 16.0.31624.102
MinimumVisualStudioVersion = 10.0.40219.1
Project("{FAE04EC0-301F-11D3-BF4B-00C04F79EFBC}") = "Exemplo_Git", "Exemplo_Git\Exemplo_Git.csproj", "{0384176B-3D43-46DB-9C27-EF4A511AE147}"
EndProject
Global
	GlobalSection(SolutionConfigurationPlatforms) = preSolution
		Debug|Any CPU = Debug|Any CPU
		Release|Any CPU = Release|Any CPU
	EndGlobalSection
	GlobalSection(ProjectConfigurationPlatforms) = postSolution
		{0384176B-3D43-46DB-9C27-EF4A511AE147}.Debug|Any CPU.ActiveCfg = Debug|Any CPU
		{0384176B-3D43-46DB-9C27-EF4A511AE147}.Debug|Any CPU.Build.0 = Debug|Any CPU
		{0384176B-3D43-46DB-9C27-EF4A511AE147}.Release|Any CPU.ActiveCfg = Release|Any CPU
		{0384176B-3D43-46DB-9C27-EF4A511AE147}.Release|Any CPU.Build.0 = Release|Any CPU
	EndGlobalSection
	GlobalSection(SolutionProperties) = preSolution
		HideSolutionNode = FALSE
	EndGlobalSection
	GlobalSection(ExtensibilityGlobals) = postSolution
		SolutionGuid = {5B5BC414-C6A4-4E0A-9ED3-CA6F5ED5D6DD}
	EndGlobalSection
EndGlobal
